// !$*UTF8*$!
{
	archiveVersion = 1;
	classes = {
	};
	objectVersion = 56;
	objects = {

/* Begin PBXBuildFile section */
		EC52377F292F5D0800676A47 /* APIError.swift in Sources */ = {isa = PBXBuildFile; fileRef = EC52377E292F5D0800676A47 /* APIError.swift */; };
		EC523781292F5D8100676A47 /* RepositoryModel.swift in Sources */ = {isa = PBXBuildFile; fileRef = EC523780292F5D8100676A47 /* RepositoryModel.swift */; };
		EC523783292F5D9300676A47 /* RepoSearchClient.swift in Sources */ = {isa = PBXBuildFile; fileRef = EC523782292F5D9300676A47 /* RepoSearchClient.swift */; };
		ECA0F645292F3E0600F797C8 /* GitHubSearchApp.swift in Sources */ = {isa = PBXBuildFile; fileRef = ECA0F644292F3E0600F797C8 /* GitHubSearchApp.swift */; };
		ECA0F647292F3E0600F797C8 /* RepoSearchView.swift in Sources */ = {isa = PBXBuildFile; fileRef = ECA0F646292F3E0600F797C8 /* RepoSearchView.swift */; };
		ECA0F649292F3E0700F797C8 /* Assets.xcassets in Resources */ = {isa = PBXBuildFile; fileRef = ECA0F648292F3E0700F797C8 /* Assets.xcassets */; };
		ECA0F64C292F3E0700F797C8 /* Preview Assets.xcassets in Resources */ = {isa = PBXBuildFile; fileRef = ECA0F64B292F3E0700F797C8 /* Preview Assets.xcassets */; };
		ECA0F656292F3E0700F797C8 /* GitHubSearchTests.swift in Sources */ = {isa = PBXBuildFile; fileRef = ECA0F655292F3E0700F797C8 /* GitHubSearchTests.swift */; };
		ECA0F670292F41E800F797C8 /* RepoSearch.swift in Sources */ = {isa = PBXBuildFile; fileRef = ECA0F66F292F41E800F797C8 /* RepoSearch.swift */; };
		ECA0F673292F420D00F797C8 /* ComposableArchitecture in Frameworks */ = {isa = PBXBuildFile; productRef = ECA0F672292F420D00F797C8 /* ComposableArchitecture */; };
		ECA0F675292F420D00F797C8 /* Dependencies in Frameworks */ = {isa = PBXBuildFile; productRef = ECA0F674292F420D00F797C8 /* Dependencies */; };
/* End PBXBuildFile section */

/* Begin PBXContainerItemProxy section */
		ECA0F652292F3E0700F797C8 /* PBXContainerItemProxy */ = {
			isa = PBXContainerItemProxy;
			containerPortal = ECA0F639292F3E0600F797C8 /* Project object */;
			proxyType = 1;
			remoteGlobalIDString = ECA0F640292F3E0600F797C8;
			remoteInfo = GitHubSearch;
		};
/* End PBXContainerItemProxy section */

/* Begin PBXFileReference section */
		EC52377E292F5D0800676A47 /* APIError.swift */ = {isa = PBXFileReference; lastKnownFileType = sourcecode.swift; path = APIError.swift; sourceTree = "<group>"; };
		EC523780292F5D8100676A47 /* RepositoryModel.swift */ = {isa = PBXFileReference; lastKnownFileType = sourcecode.swift; path = RepositoryModel.swift; sourceTree = "<group>"; };
		EC523782292F5D9300676A47 /* RepoSearchClient.swift */ = {isa = PBXFileReference; lastKnownFileType = sourcecode.swift; path = RepoSearchClient.swift; sourceTree = "<group>"; };
		ECA0F641292F3E0600F797C8 /* GitHubSearch.app */ = {isa = PBXFileReference; explicitFileType = wrapper.application; includeInIndex = 0; path = GitHubSearch.app; sourceTree = BUILT_PRODUCTS_DIR; };
		ECA0F644292F3E0600F797C8 /* GitHubSearchApp.swift */ = {isa = PBXFileReference; lastKnownFileType = sourcecode.swift; path = GitHubSearchApp.swift; sourceTree = "<group>"; };
		ECA0F646292F3E0600F797C8 /* RepoSearchView.swift */ = {isa = PBXFileReference; lastKnownFileType = sourcecode.swift; path = RepoSearchView.swift; sourceTree = "<group>"; };
		ECA0F648292F3E0700F797C8 /* Assets.xcassets */ = {isa = PBXFileReference; lastKnownFileType = folder.assetcatalog; path = Assets.xcassets; sourceTree = "<group>"; };
		ECA0F64B292F3E0700F797C8 /* Preview Assets.xcassets */ = {isa = PBXFileReference; lastKnownFileType = folder.assetcatalog; path = "Preview Assets.xcassets"; sourceTree = "<group>"; };
		ECA0F651292F3E0700F797C8 /* GitHubSearchTests.xctest */ = {isa = PBXFileReference; explicitFileType = wrapper.cfbundle; includeInIndex = 0; path = GitHubSearchTests.xctest; sourceTree = BUILT_PRODUCTS_DIR; };
		ECA0F655292F3E0700F797C8 /* GitHubSearchTests.swift */ = {isa = PBXFileReference; lastKnownFileType = sourcecode.swift; path = GitHubSearchTests.swift; sourceTree = "<group>"; };
		ECA0F66F292F41E800F797C8 /* RepoSearch.swift */ = {isa = PBXFileReference; lastKnownFileType = sourcecode.swift; path = RepoSearch.swift; sourceTree = "<group>"; };
/* End PBXFileReference section */

/* Begin PBXFrameworksBuildPhase section */
		ECA0F63E292F3E0600F797C8 /* Frameworks */ = {
			isa = PBXFrameworksBuildPhase;
			buildActionMask = 2147483647;
			files = (
				ECA0F673292F420D00F797C8 /* ComposableArchitecture in Frameworks */,
				ECA0F675292F420D00F797C8 /* Dependencies in Frameworks */,
			);
			runOnlyForDeploymentPostprocessing = 0;
		};
		ECA0F64E292F3E0700F797C8 /* Frameworks */ = {
			isa = PBXFrameworksBuildPhase;
			buildActionMask = 2147483647;
			files = (
			);
			runOnlyForDeploymentPostprocessing = 0;
		};
/* End PBXFrameworksBuildPhase section */

/* Begin PBXGroup section */
		EC52377D292F5CE600676A47 /* Repository */ = {
			isa = PBXGroup;
			children = (
				ECA0F646292F3E0600F797C8 /* RepoSearchView.swift */,
				ECA0F66F292F41E800F797C8 /* RepoSearch.swift */,
				EC523780292F5D8100676A47 /* RepositoryModel.swift */,
				EC523782292F5D9300676A47 /* RepoSearchClient.swift */,
			);
			path = Repository;
			sourceTree = "<group>";
		};
		ECA0F638292F3E0600F797C8 = {
			isa = PBXGroup;
			children = (
				ECA0F643292F3E0600F797C8 /* GitHubSearch */,
				ECA0F654292F3E0700F797C8 /* GitHubSearchTests */,
				ECA0F642292F3E0600F797C8 /* Products */,
			);
			sourceTree = "<group>";
		};
		ECA0F642292F3E0600F797C8 /* Products */ = {
			isa = PBXGroup;
			children = (
				ECA0F641292F3E0600F797C8 /* GitHubSearch.app */,
				ECA0F651292F3E0700F797C8 /* GitHubSearchTests.xctest */,
			);
			name = Products;
			sourceTree = "<group>";
		};
		ECA0F643292F3E0600F797C8 /* GitHubSearch */ = {
			isa = PBXGroup;
			children = (
				ECA0F644292F3E0600F797C8 /* GitHubSearchApp.swift */,
				EC52377E292F5D0800676A47 /* APIError.swift */,
				EC52377D292F5CE600676A47 /* Repository */,
				ECA0F66E292F401500F797C8 /* Resources */,
			);
			path = GitHubSearch;
			sourceTree = "<group>";
		};
		ECA0F64A292F3E0700F797C8 /* Preview Content */ = {
			isa = PBXGroup;
			children = (
				ECA0F64B292F3E0700F797C8 /* Preview Assets.xcassets */,
			);
			path = "Preview Content";
			sourceTree = "<group>";
		};
		ECA0F654292F3E0700F797C8 /* GitHubSearchTests */ = {
			isa = PBXGroup;
			children = (
				ECA0F655292F3E0700F797C8 /* GitHubSearchTests.swift */,
			);
			path = GitHubSearchTests;
			sourceTree = "<group>";
		};
		ECA0F66E292F401500F797C8 /* Resources */ = {
			isa = PBXGroup;
			children = (
				ECA0F648292F3E0700F797C8 /* Assets.xcassets */,
				ECA0F64A292F3E0700F797C8 /* Preview Content */,
			);
			path = Resources;
			sourceTree = "<group>";
		};
/* End PBXGroup section */

/* Begin PBXNativeTarget section */
		ECA0F640292F3E0600F797C8 /* GitHubSearch */ = {
			isa = PBXNativeTarget;
			buildConfigurationList = ECA0F665292F3E0700F797C8 /* Build configuration list for PBXNativeTarget "GitHubSearch" */;
			buildPhases = (
				ECA0F63D292F3E0600F797C8 /* Sources */,
				ECA0F63E292F3E0600F797C8 /* Frameworks */,
				ECA0F63F292F3E0600F797C8 /* Resources */,
			);
			buildRules = (
			);
			dependencies = (
			);
			name = GitHubSearch;
			packageProductDependencies = (
				ECA0F672292F420D00F797C8 /* ComposableArchitecture */,
				ECA0F674292F420D00F797C8 /* Dependencies */,
			);
			productName = GitHubSearch;
			productReference = ECA0F641292F3E0600F797C8 /* GitHubSearch.app */;
			productType = "com.apple.product-type.application";
		};
		ECA0F650292F3E0700F797C8 /* GitHubSearchTests */ = {
			isa = PBXNativeTarget;
			buildConfigurationList = ECA0F668292F3E0700F797C8 /* Build configuration list for PBXNativeTarget "GitHubSearchTests" */;
			buildPhases = (
				ECA0F64D292F3E0700F797C8 /* Sources */,
				ECA0F64E292F3E0700F797C8 /* Frameworks */,
				ECA0F64F292F3E0700F797C8 /* Resources */,
			);
			buildRules = (
			);
			dependencies = (
				ECA0F653292F3E0700F797C8 /* PBXTargetDependency */,
			);
			name = GitHubSearchTests;
			productName = GitHubSearchTests;
			productReference = ECA0F651292F3E0700F797C8 /* GitHubSearchTests.xctest */;
			productType = "com.apple.product-type.bundle.unit-test";
		};
/* End PBXNativeTarget section */

/* Begin PBXProject section */
		ECA0F639292F3E0600F797C8 /* Project object */ = {
			isa = PBXProject;
			attributes = {
				BuildIndependentTargetsInParallel = 1;
				LastSwiftUpdateCheck = 1410;
				LastUpgradeCheck = 1410;
				TargetAttributes = {
					ECA0F640292F3E0600F797C8 = {
						CreatedOnToolsVersion = 14.1;
					};
					ECA0F650292F3E0700F797C8 = {
						CreatedOnToolsVersion = 14.1;
						TestTargetID = ECA0F640292F3E0600F797C8;
					};
				};
			};
			buildConfigurationList = ECA0F63C292F3E0600F797C8 /* Build configuration list for PBXProject "GitHubSearch" */;
			compatibilityVersion = "Xcode 14.0";
			developmentRegion = en;
			hasScannedForEncodings = 0;
			knownRegions = (
				en,
				Base,
			);
			mainGroup = ECA0F638292F3E0600F797C8;
			packageReferences = (
				ECA0F671292F420D00F797C8 /* XCRemoteSwiftPackageReference "swift-composable-architecture" */,
			);
			productRefGroup = ECA0F642292F3E0600F797C8 /* Products */;
			projectDirPath = "";
			projectRoot = "";
			targets = (
				ECA0F640292F3E0600F797C8 /* GitHubSearch */,
				ECA0F650292F3E0700F797C8 /* GitHubSearchTests */,
			);
		};
/* End PBXProject section */

/* Begin PBXResourcesBuildPhase section */
		ECA0F63F292F3E0600F797C8 /* Resources */ = {
			isa = PBXResourcesBuildPhase;
			buildActionMask = 2147483647;
			files = (
				ECA0F64C292F3E0700F797C8 /* Preview Assets.xcassets in Resources */,
				ECA0F649292F3E0700F797C8 /* Assets.xcassets in Resources */,
			);
			runOnlyForDeploymentPostprocessing = 0;
		};
		ECA0F64F292F3E0700F797C8 /* Resources */ = {
			isa = PBXResourcesBuildPhase;
			buildActionMask = 2147483647;
			files = (
			);
			runOnlyForDeploymentPostprocessing = 0;
		};
/* End PBXResourcesBuildPhase section */

/* Begin PBXSourcesBuildPhase section */
		ECA0F63D292F3E0600F797C8 /* Sources */ = {
			isa = PBXSourcesBuildPhase;
			buildActionMask = 2147483647;
			files = (
				EC523783292F5D9300676A47 /* RepoSearchClient.swift in Sources */,
				ECA0F647292F3E0600F797C8 /* RepoSearchView.swift in Sources */,
				EC523781292F5D8100676A47 /* RepositoryModel.swift in Sources */,
				EC52377F292F5D0800676A47 /* APIError.swift in Sources */,
				ECA0F645292F3E0600F797C8 /* GitHubSearchApp.swift in Sources */,
				ECA0F670292F41E800F797C8 /* RepoSearch.swift in Sources */,
			);
			runOnlyForDeploymentPostprocessing = 0;
		};
		ECA0F64D292F3E0700F797C8 /* Sources */ = {
			isa = PBXSourcesBuildPhase;
			buildActionMask = 2147483647;
			files = (
				ECA0F656292F3E0700F797C8 /* GitHubSearchTests.swift in Sources */,
			);
			runOnlyForDeploymentPostprocessing = 0;
		};
/* End PBXSourcesBuildPhase section */

/* Begin PBXTargetDependency section */
		ECA0F653292F3E0700F797C8 /* PBXTargetDependency */ = {
			isa = PBXTargetDependency;
			target = ECA0F640292F3E0600F797C8 /* GitHubSearch */;
			targetProxy = ECA0F652292F3E0700F797C8 /* PBXContainerItemProxy */;
		};
/* End PBXTargetDependency section */

/* Begin XCBuildConfiguration section */
		ECA0F663292F3E0700F797C8 /* Debug */ = {
			isa = XCBuildConfiguration;
			buildSettings = {
				ALWAYS_SEARCH_USER_PATHS = NO;
				CLANG_ANALYZER_NONNULL = YES;
				CLANG_ANALYZER_NUMBER_OBJECT_CONVERSION = YES_AGGRESSIVE;
				CLANG_CXX_LANGUAGE_STANDARD = "gnu++20";
				CLANG_ENABLE_MODULES = YES;
				CLANG_ENABLE_OBJC_ARC = YES;
				CLANG_ENABLE_OBJC_WEAK = YES;
				CLANG_WARN_BLOCK_CAPTURE_AUTORELEASING = YES;
				CLANG_WARN_BOOL_CONVERSION = YES;
				CLANG_WARN_COMMA = YES;
				CLANG_WARN_CONSTANT_CONVERSION = YES;
				CLANG_WARN_DEPRECATED_OBJC_IMPLEMENTATIONS = YES;
				CLANG_WARN_DIRECT_OBJC_ISA_USAGE = YES_ERROR;
				CLANG_WARN_DOCUMENTATION_COMMENTS = YES;
				CLANG_WARN_EMPTY_BODY = YES;
				CLANG_WARN_ENUM_CONVERSION = YES;
				CLANG_WARN_INFINITE_RECURSION = YES;
				CLANG_WARN_INT_CONVERSION = YES;
				CLANG_WARN_NON_LITERAL_NULL_CONVERSION = YES;
				CLANG_WARN_OBJC_IMPLICIT_RETAIN_SELF = YES;
				CLANG_WARN_OBJC_LITERAL_CONVERSION = YES;
				CLANG_WARN_OBJC_ROOT_CLASS = YES_ERROR;
				CLANG_WARN_QUOTED_INCLUDE_IN_FRAMEWORK_HEADER = YES;
				CLANG_WARN_RANGE_LOOP_ANALYSIS = YES;
				CLANG_WARN_STRICT_PROTOTYPES = YES;
				CLANG_WARN_SUSPICIOUS_MOVE = YES;
				CLANG_WARN_UNGUARDED_AVAILABILITY = YES_AGGRESSIVE;
				CLANG_WARN_UNREACHABLE_CODE = YES;
				CLANG_WARN__DUPLICATE_METHOD_MATCH = YES;
				COPY_PHASE_STRIP = NO;
				DEBUG_INFORMATION_FORMAT = dwarf;
				ENABLE_STRICT_OBJC_MSGSEND = YES;
				ENABLE_TESTABILITY = YES;
				GCC_C_LANGUAGE_STANDARD = gnu11;
				GCC_DYNAMIC_NO_PIC = NO;
				GCC_NO_COMMON_BLOCKS = YES;
				GCC_OPTIMIZATION_LEVEL = 0;
				GCC_PREPROCESSOR_DEFINITIONS = (
					"DEBUG=1",
					"$(inherited)",
				);
				GCC_WARN_64_TO_32_BIT_CONVERSION = YES;
				GCC_WARN_ABOUT_RETURN_TYPE = YES_ERROR;
				GCC_WARN_UNDECLARED_SELECTOR = YES;
				GCC_WARN_UNINITIALIZED_AUTOS = YES_AGGRESSIVE;
				GCC_WARN_UNUSED_FUNCTION = YES;
				GCC_WARN_UNUSED_VARIABLE = YES;
				IPHONEOS_DEPLOYMENT_TARGET = 16.0;
				MTL_ENABLE_DEBUG_INFO = INCLUDE_SOURCE;
				MTL_FAST_MATH = YES;
				ONLY_ACTIVE_ARCH = YES;
				SDKROOT = iphoneos;
				SWIFT_ACTIVE_COMPILATION_CONDITIONS = DEBUG;
				SWIFT_OPTIMIZATION_LEVEL = "-Onone";
			};
			name = Debug;
		};
		ECA0F664292F3E0700F797C8 /* Release */ = {
			isa = XCBuildConfiguration;
			buildSettings = {
				ALWAYS_SEARCH_USER_PATHS = NO;
				CLANG_ANALYZER_NONNULL = YES;
				CLANG_ANALYZER_NUMBER_OBJECT_CONVERSION = YES_AGGRESSIVE;
				CLANG_CXX_LANGUAGE_STANDARD = "gnu++20";
				CLANG_ENABLE_MODULES = YES;
				CLANG_ENABLE_OBJC_ARC = YES;
				CLANG_ENABLE_OBJC_WEAK = YES;
				CLANG_WARN_BLOCK_CAPTURE_AUTORELEASING = YES;
				CLANG_WARN_BOOL_CONVERSION = YES;
				CLANG_WARN_COMMA = YES;
				CLANG_WARN_CONSTANT_CONVERSION = YES;
				CLANG_WARN_DEPRECATED_OBJC_IMPLEMENTATIONS = YES;
				CLANG_WARN_DIRECT_OBJC_ISA_USAGE = YES_ERROR;
				CLANG_WARN_DOCUMENTATION_COMMENTS = YES;
				CLANG_WARN_EMPTY_BODY = YES;
				CLANG_WARN_ENUM_CONVERSION = YES;
				CLANG_WARN_INFINITE_RECURSION = YES;
				CLANG_WARN_INT_CONVERSION = YES;
				CLANG_WARN_NON_LITERAL_NULL_CONVERSION = YES;
				CLANG_WARN_OBJC_IMPLICIT_RETAIN_SELF = YES;
				CLANG_WARN_OBJC_LITERAL_CONVERSION = YES;
				CLANG_WARN_OBJC_ROOT_CLASS = YES_ERROR;
				CLANG_WARN_QUOTED_INCLUDE_IN_FRAMEWORK_HEADER = YES;
				CLANG_WARN_RANGE_LOOP_ANALYSIS = YES;
				CLANG_WARN_STRICT_PROTOTYPES = YES;
				CLANG_WARN_SUSPICIOUS_MOVE = YES;
				CLANG_WARN_UNGUARDED_AVAILABILITY = YES_AGGRESSIVE;
				CLANG_WARN_UNREACHABLE_CODE = YES;
				CLANG_WARN__DUPLICATE_METHOD_MATCH = YES;
				COPY_PHASE_STRIP = NO;
				DEBUG_INFORMATION_FORMAT = "dwarf-with-dsym";
				ENABLE_NS_ASSERTIONS = NO;
				ENABLE_STRICT_OBJC_MSGSEND = YES;
				GCC_C_LANGUAGE_STANDARD = gnu11;
				GCC_NO_COMMON_BLOCKS = YES;
				GCC_WARN_64_TO_32_BIT_CONVERSION = YES;
				GCC_WARN_ABOUT_RETURN_TYPE = YES_ERROR;
				GCC_WARN_UNDECLARED_SELECTOR = YES;
				GCC_WARN_UNINITIALIZED_AUTOS = YES_AGGRESSIVE;
				GCC_WARN_UNUSED_FUNCTION = YES;
				GCC_WARN_UNUSED_VARIABLE = YES;
				IPHONEOS_DEPLOYMENT_TARGET = 16.0;
				MTL_ENABLE_DEBUG_INFO = NO;
				MTL_FAST_MATH = YES;
				SDKROOT = iphoneos;
				SWIFT_COMPILATION_MODE = wholemodule;
				SWIFT_OPTIMIZATION_LEVEL = "-O";
				VALIDATE_PRODUCT = YES;
			};
			name = Release;
		};
		ECA0F666292F3E0700F797C8 /* Debug */ = {
			isa = XCBuildConfiguration;
			buildSettings = {
				ASSETCATALOG_COMPILER_APPICON_NAME = AppIcon;
				ASSETCATALOG_COMPILER_GLOBAL_ACCENT_COLOR_NAME = AccentColor;
				CODE_SIGN_STYLE = Automatic;
				CURRENT_PROJECT_VERSION = 1;
				DEVELOPMENT_ASSET_PATHS = "\"GitHubSearch/Resources/Preview Content\"";
				DEVELOPMENT_TEAM = 8B27K52UU7;
				ENABLE_PREVIEWS = YES;
				GENERATE_INFOPLIST_FILE = YES;
				INFOPLIST_KEY_UIApplicationSceneManifest_Generation = YES;
				INFOPLIST_KEY_UIApplicationSupportsIndirectInputEvents = YES;
				INFOPLIST_KEY_UILaunchScreen_Generation = YES;
				INFOPLIST_KEY_UISupportedInterfaceOrientations_iPad = "UIInterfaceOrientationPortrait UIInterfaceOrientationPortraitUpsideDown UIInterfaceOrientationLandscapeLeft UIInterfaceOrientationLandscapeRight";
				INFOPLIST_KEY_UISupportedInterfaceOrientations_iPhone = "UIInterfaceOrientationPortrait UIInterfaceOrientationLandscapeLeft UIInterfaceOrientationLandscapeRight";
				IPHONEOS_DEPLOYMENT_TARGET = 16.0;
				LD_RUNPATH_SEARCH_PATHS = (
					"$(inherited)",
					"@executable_path/Frameworks",
				);
				MARKETING_VERSION = 1.0;
				PRODUCT_BUNDLE_IDENTIFIER = "com.dy-kim.GitHubSearch";
				PRODUCT_NAME = "$(TARGET_NAME)";
				SUPPORTED_PLATFORMS = "iphoneos iphonesimulator";
				SUPPORTS_MACCATALYST = NO;
				SUPPORTS_MAC_DESIGNED_FOR_IPHONE_IPAD = NO;
				SWIFT_EMIT_LOC_STRINGS = YES;
				SWIFT_VERSION = 5.0;
				TARGETED_DEVICE_FAMILY = 1;
			};
			name = Debug;
		};
		ECA0F667292F3E0700F797C8 /* Release */ = {
			isa = XCBuildConfiguration;
			buildSettings = {
				ASSETCATALOG_COMPILER_APPICON_NAME = AppIcon;
				ASSETCATALOG_COMPILER_GLOBAL_ACCENT_COLOR_NAME = AccentColor;
				CODE_SIGN_STYLE = Automatic;
				CURRENT_PROJECT_VERSION = 1;
				DEVELOPMENT_ASSET_PATHS = "\"GitHubSearch/Resources/Preview Content\"";
				DEVELOPMENT_TEAM = 8B27K52UU7;
				ENABLE_PREVIEWS = YES;
				GENERATE_INFOPLIST_FILE = YES;
				INFOPLIST_KEY_UIApplicationSceneManifest_Generation = YES;
				INFOPLIST_KEY_UIApplicationSupportsIndirectInputEvents = YES;
				INFOPLIST_KEY_UILaunchScreen_Generation = YES;
				INFOPLIST_KEY_UISupportedInterfaceOrientations_iPad = "UIInterfaceOrientationPortrait UIInterfaceOrientationPortraitUpsideDown UIInterfaceOrientationLandscapeLeft UIInterfaceOrientationLandscapeRight";
				INFOPLIST_KEY_UISupportedInterfaceOrientations_iPhone = "UIInterfaceOrientationPortrait UIInterfaceOrientationLandscapeLeft UIInterfaceOrientationLandscapeRight";
				IPHONEOS_DEPLOYMENT_TARGET = 16.0;
				LD_RUNPATH_SEARCH_PATHS = (
					"$(inherited)",
					"@executable_path/Frameworks",
				);
				MARKETING_VERSION = 1.0;
				PRODUCT_BUNDLE_IDENTIFIER = "com.dy-kim.GitHubSearch";
				PRODUCT_NAME = "$(TARGET_NAME)";
				SUPPORTED_PLATFORMS = "iphoneos iphonesimulator";
				SUPPORTS_MACCATALYST = NO;
				SUPPORTS_MAC_DESIGNED_FOR_IPHONE_IPAD = NO;
				SWIFT_EMIT_LOC_STRINGS = YES;
				SWIFT_VERSION = 5.0;
				TARGETED_DEVICE_FAMILY = 1;
			};
			name = Release;
		};
		ECA0F669292F3E0700F797C8 /* Debug */ = {
			isa = XCBuildConfiguration;
			buildSettings = {
				ALWAYS_EMBED_SWIFT_STANDARD_LIBRARIES = YES;
				BUNDLE_LOADER = "$(TEST_HOST)";
				CODE_SIGN_STYLE = Automatic;
				CURRENT_PROJECT_VERSION = 1;
				DEVELOPMENT_TEAM = 8B27K52UU7;
				GENERATE_INFOPLIST_FILE = YES;
				IPHONEOS_DEPLOYMENT_TARGET = 16.0;
				MARKETING_VERSION = 1.0;
				PRODUCT_BUNDLE_IDENTIFIER = "com.dy-kim.GitHubSearchTests";
				PRODUCT_NAME = "$(TARGET_NAME)";
				SUPPORTED_PLATFORMS = "iphoneos iphonesimulator";
				SUPPORTS_MACCATALYST = NO;
				SUPPORTS_MAC_DESIGNED_FOR_IPHONE_IPAD = NO;
				SWIFT_EMIT_LOC_STRINGS = NO;
				SWIFT_VERSION = 5.0;
				TARGETED_DEVICE_FAMILY = 1;
				TEST_HOST = "$(BUILT_PRODUCTS_DIR)/GitHubSearch.app/$(BUNDLE_EXECUTABLE_FOLDER_PATH)/GitHubSearch";
			};
			name = Debug;
		};
		ECA0F66A292F3E0700F797C8 /* Release */ = {
			isa = XCBuildConfiguration;
			buildSettings = {
				ALWAYS_EMBED_SWIFT_STANDARD_LIBRARIES = YES;
				BUNDLE_LOADER = "$(TEST_HOST)";
				CODE_SIGN_STYLE = Automatic;
				CURRENT_PROJECT_VERSION = 1;
				DEVELOPMENT_TEAM = 8B27K52UU7;
				GENERATE_INFOPLIST_FILE = YES;
				IPHONEOS_DEPLOYMENT_TARGET = 16.0;
				MARKETING_VERSION = 1.0;
				PRODUCT_BUNDLE_IDENTIFIER = "com.dy-kim.GitHubSearchTests";
				PRODUCT_NAME = "$(TARGET_NAME)";
				SUPPORTED_PLATFORMS = "iphoneos iphonesimulator";
				SUPPORTS_MACCATALYST = NO;
				SUPPORTS_MAC_DESIGNED_FOR_IPHONE_IPAD = NO;
				SWIFT_EMIT_LOC_STRINGS = NO;
				SWIFT_VERSION = 5.0;
				TARGETED_DEVICE_FAMILY = 1;
				TEST_HOST = "$(BUILT_PRODUCTS_DIR)/GitHubSearch.app/$(BUNDLE_EXECUTABLE_FOLDER_PATH)/GitHubSearch";
			};
			name = Release;
		};
/* End XCBuildConfiguration section */

/* Begin XCConfigurationList section */
		ECA0F63C292F3E0600F797C8 /* Build configuration list for PBXProject "GitHubSearch" */ = {
			isa = XCConfigurationList;
			buildConfigurations = (
				ECA0F663292F3E0700F797C8 /* Debug */,
				ECA0F664292F3E0700F797C8 /* Release */,
			);
			defaultConfigurationIsVisible = 0;
			defaultConfigurationName = Release;
		};
		ECA0F665292F3E0700F797C8 /* Build configuration list for PBXNativeTarget "GitHubSearch" */ = {
			isa = XCConfigurationList;
			buildConfigurations = (
				ECA0F666292F3E0700F797C8 /* Debug */,
				ECA0F667292F3E0700F797C8 /* Release */,
			);
			defaultConfigurationIsVisible = 0;
			defaultConfigurationName = Release;
		};
		ECA0F668292F3E0700F797C8 /* Build configuration list for PBXNativeTarget "GitHubSearchTests" */ = {
			isa = XCConfigurationList;
			buildConfigurations = (
				ECA0F669292F3E0700F797C8 /* Debug */,
				ECA0F66A292F3E0700F797C8 /* Release */,
			);
			defaultConfigurationIsVisible = 0;
			defaultConfigurationName = Release;
		};
/* End XCConfigurationList section */

/* Begin XCRemoteSwiftPackageReference section */
		ECA0F671292F420D00F797C8 /* XCRemoteSwiftPackageReference "swift-composable-architecture" */ = {
			isa = XCRemoteSwiftPackageReference;
			repositoryURL = "https://github.com/pointfreeco/swift-composable-architecture";
			requirement = {
				kind = exactVersion;
				version = 0.46.0;
			};
		};
/* End XCRemoteSwiftPackageReference section */

/* Begin XCSwiftPackageProductDependency section */
		ECA0F672292F420D00F797C8 /* ComposableArchitecture */ = {
			isa = XCSwiftPackageProductDependency;
			package = ECA0F671292F420D00F797C8 /* XCRemoteSwiftPackageReference "swift-composable-architecture" */;
			productName = ComposableArchitecture;
		};
		ECA0F674292F420D00F797C8 /* Dependencies */ = {
			isa = XCSwiftPackageProductDependency;
			package = ECA0F671292F420D00F797C8 /* XCRemoteSwiftPackageReference "swift-composable-architecture" */;
			productName = Dependencies;
		};
/* End XCSwiftPackageProductDependency section */
	};
	rootObject = ECA0F639292F3E0600F797C8 /* Project object */;
}
